
Microsoft Visual Studio Solution File, Format Version 12.00
# Visual Studio 15
VisualStudioVersion = 15.0.26730.12
MinimumVisualStudioVersion = 10.0.40219.1
Project("{FAE04EC0-301F-11D3-BF4B-00C04F79EFBC}") = "POLuokat", "POLuokat\POLuokat.csproj", "{4F609A87-B94A-4277-88E3-05ECC7F54344}"
EndProject
Global
	GlobalSection(SolutionConfigurationPlatforms) = preSolution
		Debug|Any CPU = Debug|Any CPU
		Release|Any CPU = Release|Any CPU
	EndGlobalSection
	GlobalSection(ProjectConfigurationPlatforms) = postSolution
		{4F609A87-B94A-4277-88E3-05ECC7F54344}.Debug|Any CPU.ActiveCfg = Debug|Any CPU
		{4F609A87-B94A-4277-88E3-05ECC7F54344}.Debug|Any CPU.Build.0 = Debug|Any CPU
		{4F609A87-B94A-4277-88E3-05ECC7F54344}.Release|Any CPU.ActiveCfg = Release|Any CPU
		{4F609A87-B94A-4277-88E3-05ECC7F54344}.Release|Any CPU.Build.0 = Release|Any CPU
	EndGlobalSection
	GlobalSection(SolutionProperties) = preSolution
		HideSolutionNode = FALSE
	EndGlobalSection
	GlobalSection(ExtensibilityGlobals) = postSolution
		SolutionGuid = {F1989042-8762-4363-B50C-25FE95B98B5B}
	EndGlobalSection
EndGlobal
